
Microsoft Visual Studio Solution File, Format Version 12.00
# Visual Studio Version 17
VisualStudioVersion = 17.5.002.0
MinimumVisualStudioVersion = 10.0.40219.1
Project("{9A19103F-16F7-4668-BE54-9A1E7A4F7556}") = "AzureSqlConsoleApp", "AzureSqlConsoleApp.csproj", "{2079DB71-394D-43AE-AE38-35B2342457CB}"
EndProject
Global
	GlobalSection(SolutionConfigurationPlatforms) = preSolution
		Debug|Any CPU = Debug|Any CPU
		Release|Any CPU = Release|Any CPU
	EndGlobalSection
	GlobalSection(ProjectConfigurationPlatforms) = postSolution
		{2079DB71-394D-43AE-AE38-35B2342457CB}.Debug|Any CPU.ActiveCfg = Debug|Any CPU
		{2079DB71-394D-43AE-AE38-35B2342457CB}.Debug|Any CPU.Build.0 = Debug|Any CPU
		{2079DB71-394D-43AE-AE38-35B2342457CB}.Release|Any CPU.ActiveCfg = Release|Any CPU
		{2079DB71-394D-43AE-AE38-35B2342457CB}.Release|Any CPU.Build.0 = Release|Any CPU
	EndGlobalSection
	GlobalSection(SolutionProperties) = preSolution
		HideSolutionNode = FALSE
	EndGlobalSection
	GlobalSection(ExtensibilityGlobals) = postSolution
		SolutionGuid = {DD01D556-CD79-4046-9C44-61C1CD8F264B}
	EndGlobalSection
EndGlobal
